{
  "pins" : [
    {
      "identity" : "bigint",
      "kind" : "remoteSourceControl",
      "location" : "https://github.com/attaswift/BigInt.git",
      "state" : {
        "revision" : "0ed110f7555c34ff468e72e1686e59721f2b0da6",
        "version" : "5.3.0"
      }
    },
    {
      "identity" : "cryptoswift",
      "kind" : "remoteSourceControl",
      "location" : "https://github.com/krzyzanowskim/CryptoSwift.git",
      "state" : {
        "branch" : "main",
        "revision" : "54f182b9ea6b42889b53bda9ebde6ff2d19882df"
      }
    },
    {
      "identity" : "web3swift",
      "kind" : "remoteSourceControl",
      "location" : "https://github.com/skywinder/web3swift",
      "state" : {
        "branch" : "develop",
        "revision" : "8cb9a20183f829f2989b0a1b2a1465c75aab6107"
      }
    }
  ],
  "version" : 2
}
